PODS:
  - Alamofire (5.0.0-rc.3)
  - Kingfisher (5.11.0):
    - Kingfisher/Core (= 5.11.0)
  - Kingfisher/Core (5.11.0)
  - Toast-Swift (5.0.1)

DEPENDENCIES:
  - Alamofire (~> 5.0.0-rc.3)
  - Kingfisher (~> 5.0)
  - Toast-Swift (~> 5.0.1)

SPEC REPOS:
  trunk:
    - Alamofire
    - Kingfisher
    - Toast-Swift

SPEC CHECKSUMS:
  Alamofire: ca8c0de6906873be89d6deec5c8de279e00bf872
  Kingfisher: 4569606189149e19c7d9439f47e885d0679b7a90
  Toast-Swift: 9b6a70f28b3bf0b96c40d46c0c4b9d6639846711

PODFILE CHECKSUM: f59cabe530073d825eb6a4b0be38b9edc467eedd

COCOAPODS: 1.8.4
